
Microsoft Visual Studio Solution File, Format Version 12.00
# Visual Studio Version 17
VisualStudioVersion = 17.14.36221.1 d17.14
MinimumVisualStudioVersion = 10.0.40219.1
Project("{8BC9CEB8-8B4A-11D0-8D11-00A0C91BC942}") = "Cudatest2", "Cudatest2.vcxproj", "{49D39B5A-856E-AC2E-3525-B8298E38BB49}"
EndProject
Global
	GlobalSection(SolutionConfigurationPlatforms) = preSolution
		Debug|x64 = Debug|x64
		Release|x64 = Release|x64
	EndGlobalSection
	GlobalSection(ProjectConfigurationPlatforms) = postSolution
		{49D39B5A-856E-AC2E-3525-B8298E38BB49}.Debug|x64.ActiveCfg = Debug|x64
		{49D39B5A-856E-AC2E-3525-B8298E38BB49}.Debug|x64.Build.0 = Debug|x64
		{49D39B5A-856E-AC2E-3525-B8298E38BB49}.Release|x64.ActiveCfg = Release|x64
		{49D39B5A-856E-AC2E-3525-B8298E38BB49}.Release|x64.Build.0 = Release|x64
	EndGlobalSection
	GlobalSection(SolutionProperties) = preSolution
		HideSolutionNode = FALSE
	EndGlobalSection
	GlobalSection(ExtensibilityGlobals) = postSolution
		SolutionGuid = {B1D6BB82-056A-400C-9FB5-F14EC94AC0FB}
	EndGlobalSection
EndGlobal
